{
  "name": "global-npm-packages",
  "version": "1.0.0",
  "lockfileVersion": 3,
  "requires": true,
  "packages": {
    "": {
      "name": "global-npm-packages",
      "version": "1.0.0",
      "dependencies": {
        "@kilocode/cli": "7.2.24"
      }
    },
    "node_modules/@kilocode/cli": {
      "version": "7.2.24",
      "resolved": "https://registry.npmjs.org/@kilocode/cli/-/cli-7.2.24.tgz",
      "integrity": "sha512-/VFojSblrX/aeyfeUKW/TBkvxyZ6Ae7spEhjD2KTWnOwfu7Y2sA20Ww5EBF4HwQq5EEVTwOu1hCIcULEulc+wg==",
      "hasInstallScript": true,
      "license": "MIT",
      "bin": {
        "kilo": "bin/kilo",
        "kilocode": "bin/kilo"
      },
      "optionalDependencies": {
        "@kilocode/cli-darwin-arm64": "7.2.24",
        "@kilocode/cli-darwin-x64": "7.2.24",
        "@kilocode/cli-darwin-x64-baseline": "7.2.24",
        "@kilocode/cli-linux-arm64": "7.2.24",
        "@kilocode/cli-linux-arm64-musl": "7.2.24",
        "@kilocode/cli-linux-x64": "7.2.24",
        "@kilocode/cli-linux-x64-baseline": "7.2.24",
        "@kilocode/cli-linux-x64-baseline-musl": "7.2.24",
        "@kilocode/cli-linux-x64-musl": "7.2.24",
        "@kilocode/cli-windows-arm64": "7.2.24",
        "@kilocode/cli-windows-x64": "7.2.24",
        "@kilocode/cli-windows-x64-baseline": "7.2.24"
      }
    },
    "node_modules/@kilocode/cli-darwin-arm64": {
      "version": "7.2.24",
      "resolved": "https://registry.npmjs.org/@kilocode/cli-darwin-arm64/-/cli-darwin-arm64-7.2.24.tgz",
      "integrity": "sha512-N8mbVWdCJc7ItvMNxY+q+/jaDoIYkMAuVvVi5G0VnDdkzobcu5rqO5X2I8vgVcifbR9EeLPpzUhh5cIFybn5ew==",
      "cpu": [
        "arm64"
      ],
      "optional": true,
      "os": [
        "darwin"
      ]
    },
    "node_modules/@kilocode/cli-darwin-x64": {
      "version": "7.2.24",
      "resolved": "https://registry.npmjs.org/@kilocode/cli-darwin-x64/-/cli-darwin-x64-7.2.24.tgz",
      "integrity": "sha512-HpjLJDJRUKtVRPuUJCYfkvH+cltl/s6X1iEai8N+BUgaS89SKfKiHM6oCyrb3KwcS53VsESXVOXdO+hoWuJZpw==",
      "cpu": [
        "x64"
      ],
      "optional": true,
      "os": [
        "darwin"
      ]
    },
    "node_modules/@kilocode/cli-darwin-x64-baseline": {
      "version": "7.2.24",
      "resolved": "https://registry.npmjs.org/@kilocode/cli-darwin-x64-baseline/-/cli-darwin-x64-baseline-7.2.24.tgz",
      "integrity": "sha512-csuELnAcW03uwvUsY/r7IOUXXYh4nK+hTvPXBcMhwztP8g3aoUKn1iBTOJ41vuSeA4gJIfdChps8bZS6CeNAOQ==",
      "cpu": [
        "x64"
      ],
      "optional": true,
      "os": [
        "darwin"
      ]
    },
    "node_modules/@kilocode/cli-linux-arm64": {
      "version": "7.2.24",
      "resolved": "https://registry.npmjs.org/@kilocode/cli-linux-arm64/-/cli-linux-arm64-7.2.24.tgz",
      "integrity": "sha512-OdJubY+eHuvobD1Vhyg0k/DmkAZA0Xy959VBOws1bxssuxYAmaIkYYRXSTgKJJ5Ue7y/70hXvsPyMhLzLPVaVQ==",
      "cpu": [
        "arm64"
      ],
      "optional": true,
      "os": [
        "linux"
      ]
    },
    "node_modules/@kilocode/cli-linux-arm64-musl": {
      "version": "7.2.24",
      "resolved": "https://registry.npmjs.org/@kilocode/cli-linux-arm64-musl/-/cli-linux-arm64-musl-7.2.24.tgz",
      "integrity": "sha512-mhRfHUzSuILH64pKCgapt2AWyvOuVa3E5LuHWQGvJxrn+nY6LAK57RMof1b/M3iqDZXeng60cjismFHJomXsJw==",
      "cpu": [
        "arm64"
      ],
      "optional": true,
      "os": [
        "linux"
      ]
    },
    "node_modules/@kilocode/cli-linux-x64": {
      "version": "7.2.24",
      "resolved": "https://registry.npmjs.org/@kilocode/cli-linux-x64/-/cli-linux-x64-7.2.24.tgz",
      "integrity": "sha512-tOa4SbHmYeRj/k4MvrH+CVOpeOyglmFJY4XqBNF4QwCBcRzIYuq/DGJpU1FV6XZGP6BuW25JKdaOrMWcALBrbw==",
      "cpu": [
        "x64"
      ],
      "optional": true,
      "os": [
        "linux"
      ]
    },
    "node_modules/@kilocode/cli-linux-x64-baseline": {
      "version": "7.2.24",
      "resolved": "https://registry.npmjs.org/@kilocode/cli-linux-x64-baseline/-/cli-linux-x64-baseline-7.2.24.tgz",
      "integrity": "sha512-HGOmmz0iPfRrg4rQXNEvtW/SyKYCLU1HyMteYe4W4c6Qv/GhwUl5KjZJ545W/e2A3ZXM4/970rpc/cSehUrcdw==",
      "cpu": [
        "x64"
      ],
      "optional": true,
      "os": [
        "linux"
      ]
    },
    "node_modules/@kilocode/cli-linux-x64-baseline-musl": {
      "version": "7.2.24",
      "resolved": "https://registry.npmjs.org/@kilocode/cli-linux-x64-baseline-musl/-/cli-linux-x64-baseline-musl-7.2.24.tgz",
      "integrity": "sha512-WE6JTmvqclbeF2PHca9YtnsbtJi25BSWEVL+f4rPSBhnaUdaJzkW2vy2vahPaEiRhHeC8lAD0I9HEt2PdHX1QQ==",
      "cpu": [
        "x64"
      ],
      "optional": true,
      "os": [
        "linux"
      ]
    },
    "node_modules/@kilocode/cli-linux-x64-musl": {
      "version": "7.2.24",
      "resolved": "https://registry.npmjs.org/@kilocode/cli-linux-x64-musl/-/cli-linux-x64-musl-7.2.24.tgz",
      "integrity": "sha512-rfvayjzmMdFC2b6cUezqREFMZ9LjDNNZScIgQFC8/Fvi2bt+SV8sh1QpL4Z3peKcXpbcrsWY4aTl/f5OJtulxw==",
      "cpu": [
        "x64"
      ],
      "optional": true,
      "os": [
        "linux"
      ]
    },
    "node_modules/@kilocode/cli-windows-arm64": {
      "version": "7.2.24",
      "resolved": "https://registry.npmjs.org/@kilocode/cli-windows-arm64/-/cli-windows-arm64-7.2.24.tgz",
      "integrity": "sha512-dy69a2pBTuDXyrIxksAhWwKHxmSlnFe7Fw5o5povRDmSdZTOEkIqAoO2+EREVB0FzzTYc1G7lIMGvddqnvH/ug==",
      "cpu": [
        "arm64"
      ],
      "optional": true,
      "os": [
        "win32"
      ]
    },
    "node_modules/@kilocode/cli-windows-x64": {
      "version": "7.2.24",
      "resolved": "https://registry.npmjs.org/@kilocode/cli-windows-x64/-/cli-windows-x64-7.2.24.tgz",
      "integrity": "sha512-NMjse/V9P4dxV9yA/g0/6kP87k2pmbPT4DuiWQTZJjTA6hmtLhNIdRKA+dWyr9xMIljNmAT2sEKAJH1KdkvuQA==",
      "cpu": [
        "x64"
      ],
      "optional": true,
      "os": [
        "win32"
      ]
    },
    "node_modules/@kilocode/cli-windows-x64-baseline": {
      "version": "7.2.24",
      "resolved": "https://registry.npmjs.org/@kilocode/cli-windows-x64-baseline/-/cli-windows-x64-baseline-7.2.24.tgz",
      "integrity": "sha512-kBiN+B/WAzsAIK2NgRHjK/a2e3l6IPJ1NfdlJFkvBopMAG3HT269kDijZVaoLwU7+sEmISEKHLlhYHk5N+0dow==",
      "cpu": [
        "x64"
      ],
      "optional": true,
      "os": [
        "win32"
      ]
    }
  }
}
